
Microsoft Visual Studio Solution File, Format Version 12.00
# Visual Studio Version 16
VisualStudioVersion = 16.0.28803.352
MinimumVisualStudioVersion = 10.0.40219.1
Project("{FAE04EC0-301F-11D3-BF4B-00C04F79EFBC}") = "QueroTransporte", "QueroTransporte\QueroTransporte.csproj", "{8321E9EF-384F-437B-8B68-D912D43A7D85}"
EndProject
Global
	GlobalSection(SolutionConfigurationPlatforms) = preSolution
		Debug|Any CPU = Debug|Any CPU
		Release|Any CPU = Release|Any CPU
	EndGlobalSection
	GlobalSection(ProjectConfigurationPlatforms) = postSolution
		{8321E9EF-384F-437B-8B68-D912D43A7D85}.Debug|Any CPU.ActiveCfg = Debug|Any CPU
		{8321E9EF-384F-437B-8B68-D912D43A7D85}.Debug|Any CPU.Build.0 = Debug|Any CPU
		{8321E9EF-384F-437B-8B68-D912D43A7D85}.Release|Any CPU.ActiveCfg = Release|Any CPU
		{8321E9EF-384F-437B-8B68-D912D43A7D85}.Release|Any CPU.Build.0 = Release|Any CPU
	EndGlobalSection
	GlobalSection(SolutionProperties) = preSolution
		HideSolutionNode = FALSE
	EndGlobalSection
	GlobalSection(ExtensibilityGlobals) = postSolution
		SolutionGuid = {80F00AEB-33FD-4C52-B3B5-F9DEF5D5D63A}
	EndGlobalSection
EndGlobal
